<?xml version="1.0" encoding="utf-8"?>
<Project ToolsVersion="4.0" xmlns="http://schemas.microsoft.com/developer/msbuild/2003">
  <ItemGroup>
    <Filter Include="Source Files">
      <UniqueIdentifier>{4FC737F1-C7A5-4376-A066-2A32D752A2FF}</UniqueIdentifier>
      <Extensions>cpp;c;cc;cxx;def;odl;idl;hpj;bat;asm;asmx</Extensions>
    </Filter>
    <Filter Include="Header Files">
      <UniqueIdentifier>{93995380-89BD-4b04-88EB-625FBE52EBFB}</UniqueIdentifier>
      <Extensions>h;hpp;hxx;hm;inl;inc;xsd</Extensions>
    </Filter>
    <Filter Include="Resource Files">
      <UniqueIdentifier>{67DA6AB6-F800-4c08-8B7A-83BB121AAD01}</UniqueIdentifier>
      <Extensions>rc;ico;cur;bmp;dlg;rc2;rct;bin;rgs;gif;jpg;jpeg;jpe;resx;tiff;tif;png;wav;mfcribbon-ms</Extensions>
    </Filter>
    <Filter Include="Common">
      <UniqueIdentifier>{81f4390f-2b5d-4964-b489-dfbd9c41956e}</UniqueIdentifier>
    </Filter>
    <Filter Include="Common\Header Files">
      <UniqueIdentifier>{e0c3fca5-b0b3-463c-86a4-a024f9c73681}</UniqueIdentifier>
    </Filter>
    <Filter Include="Common\Source Files">
      <UniqueIdentifier>{884d48e1-6984-4893-9b9c-e1b3ae421073}</UniqueIdentifier>
    </Filter>
  </ItemGroup>
  <ItemGroup>
    <ClCompile Include="Skeleton.cpp">
      <Filter>Source Files</Filter>
    </ClCompile>
    <ClCompile Include="..\..\..\Common\src\DebugOpenGL.cpp">
      <Filter>Common\Source Files</Filter>
    </ClCompile>
    <ClCompile Include="..\..\..\Common\src\framebuffer.cpp">
      <Filter>Common\Source Files</Filter>
    </ClCompile>
    <ClCompile Include="..\..\..\Common\src\opengltimer.cpp">
      <Filter>Common\Source Files</Filter>
    </ClCompile>
    <ClCompile Include="..\..\..\Common\src\pointgrid.cpp">
      <Filter>Common\Source Files</Filter>
    </ClCompile>
    <ClCompile Include="..\..\..\Common\src\quad.cpp">
      <Filter>Common\Source Files</Filter>
    </ClCompile>
    <ClCompile Include="..\..\..\Common\src\shader.cpp">
      <Filter>Common\Source Files</Filter>
    </ClCompile>
    <ClCompile Include="..\..\..\Common\src\texture.cpp">
      <Filter>Common\Source Files</Filter>
    </ClCompile>
  </ItemGroup>
  <ItemGroup>
    <ClInclude Include="..\..\..\Common\src\DebugOpenGL.hpp">
      <Filter>Common\Header Files</Filter>
    </ClInclude>
    <ClInclude Include="..\..\..\Common\src\texture.hpp">
      <Filter>Common\Header Files</Filter>
    </ClInclude>
    <ClInclude Include="..\..\..\Common\src\framebuffer.hpp">
      <Filter>Common\Header Files</Filter>
    </ClInclude>
    <ClInclude Include="..\..\..\Common\src\opengltimer.hpp">
      <Filter>Common\Header Files</Filter>
    </ClInclude>
    <ClInclude Include="..\..\..\Common\src\pointgrid.hpp">
      <Filter>Common\Header Files</Filter>
    </ClInclude>
    <ClInclude Include="..\..\..\Common\src\quad.hpp">
      <Filter>Common\Header Files</Filter>
    </ClInclude>
    <ClInclude Include="..\..\..\Common\src\shader.hpp">
      <Filter>Common\Header Files</Filter>
    </ClInclude>
  </ItemGroup>
</Project>