
Microsoft Visual Studio Solution File, Format Version 12.00
# Visual Studio Version 17
VisualStudioVersion = 17.6.33417.168
MinimumVisualStudioVersion = 10.0.40219.1
Project("{888888A0-9F3D-457C-B088-3A5042F75D52}") = "challenge2", "challenge2\challenge2.pyproj", "{15282CE8-B175-48CF-8B45-1ED8F6A51D6C}"
EndProject
Global
	GlobalSection(SolutionConfigurationPlatforms) = preSolution
		Debug|Any CPU = Debug|Any CPU
		Release|Any CPU = Release|Any CPU
	EndGlobalSection
	GlobalSection(ProjectConfigurationPlatforms) = postSolution
		{15282CE8-B175-48CF-8B45-1ED8F6A51D6C}.Debug|Any CPU.ActiveCfg = Debug|Any CPU
		{15282CE8-B175-48CF-8B45-1ED8F6A51D6C}.Release|Any CPU.ActiveCfg = Release|Any CPU
	EndGlobalSection
	GlobalSection(SolutionProperties) = preSolution
		HideSolutionNode = FALSE
	EndGlobalSection
	GlobalSection(ExtensibilityGlobals) = postSolution
		SolutionGuid = {A1E540D8-4923-4630-83D7-908262BE73D4}
	EndGlobalSection
EndGlobal
